// !$*UTF8*$!
{
	archiveVersion = 1;
	classes = {
	};
	objectVersion = 77;
	objects = {

/* Begin PBXBuildFile section */
		9E0618162FA9DDFF00264A1D /* MetalPlaygroundApp.swift in Sources */ = {isa = PBXBuildFile; fileRef = 9E0618152FA9DDFF00264A1D /* MetalPlaygroundApp.swift */; };
		9E0618182FA9DDFF00264A1D /* ContentView.swift in Sources */ = {isa = PBXBuildFile; fileRef = 9E0618172FA9DDFF00264A1D /* ContentView.swift */; };
		9E06181A2FA9DDFF00264A1D /* Assets.xcassets in Resources */ = {isa = PBXBuildFile; fileRef = 9E0618192FA9DDFF00264A1D /* Assets.xcassets */; };
		9E0618502FA9DFB700264A1D /* ImageFiltersView.swift in Sources */ = {isa = PBXBuildFile; fileRef = 9E06184F2FA9DFB700264A1D /* ImageFiltersView.swift */; };
		9E0618542FAA01D500264A1D /* ImageFiltersViewModel.swift in Sources */ = {isa = PBXBuildFile; fileRef = 9E0618532FAA01D000264A1D /* ImageFiltersViewModel.swift */; };
		9E0A14CD2FAA5D8B00113BC4 /* MetalContext.swift in Sources */ = {isa = PBXBuildFile; fileRef = 9E0A14CC2FAA5D8800113BC4 /* MetalContext.swift */; };
		9E6B4BFC2FAA9F7E0007EFA7 /* MetalTextureView.swift in Sources */ = {isa = PBXBuildFile; fileRef = 9E6B4BFB2FAA9F7E0007EFA7 /* MetalTextureView.swift */; };
		9E6BEC1F2FB538730083F119 /* ConfigField.swift in Sources */ = {isa = PBXBuildFile; fileRef = 9E6BEC1E2FB538710083F119 /* ConfigField.swift */; };
		9E7BAD7A2FBB0B7100D9E2DC /* Sobel.metal in Sources */ = {isa = PBXBuildFile; fileRef = 9E7BAD792FBB0B7100D9E2DC /* Sobel.metal */; };
		9E7BAD812FBB12F600D9E2DC /* GaussianBlur.metal in Sources */ = {isa = PBXBuildFile; fileRef = 9E7BAD802FBB12F600D9E2DC /* GaussianBlur.metal */; };
		9E7BAD842FBB14CE00D9E2DC /* Sharpen.metal in Sources */ = {isa = PBXBuildFile; fileRef = 9E7BAD832FBB14CE00D9E2DC /* Sharpen.metal */; };
		9E7BAD872FBB155A00D9E2DC /* BoxBlur.metal in Sources */ = {isa = PBXBuildFile; fileRef = 9E7BAD862FBB155A00D9E2DC /* BoxBlur.metal */; };
		9E7BAD912FBB181700D9E2DC /* Threshold.metal in Sources */ = {isa = PBXBuildFile; fileRef = 9E7BAD902FBB181700D9E2DC /* Threshold.metal */; };
		9E7BAD942FBB192700D9E2DC /* Contrast.metal in Sources */ = {isa = PBXBuildFile; fileRef = 9E7BAD932FBB192700D9E2DC /* Contrast.metal */; };
		9E7BAD972FBB199300D9E2DC /* Brightness.metal in Sources */ = {isa = PBXBuildFile; fileRef = 9E7BAD962FBB199300D9E2DC /* Brightness.metal */; };
		9E7BAD9A2FBB19FA00D9E2DC /* Invert.metal in Sources */ = {isa = PBXBuildFile; fileRef = 9E7BAD992FBB19FA00D9E2DC /* Invert.metal */; };
		9E7BAD9D2FBB1A9000D9E2DC /* Sepia.metal in Sources */ = {isa = PBXBuildFile; fileRef = 9E7BAD9C2FBB1A9000D9E2DC /* Sepia.metal */; };
		9E7BADA02FBB1B4F00D9E2DC /* Grayscale.metal in Sources */ = {isa = PBXBuildFile; fileRef = 9E7BAD9F2FBB1B4F00D9E2DC /* Grayscale.metal */; };
		9E82B6A22FAC8C47003795FD /* UVTransform.swift in Sources */ = {isa = PBXBuildFile; fileRef = 9E82B6A12FAC8C45003795FD /* UVTransform.swift */; };
		9EA1B9862FAF48CD00D41199 /* ConfigFieldView.swift in Sources */ = {isa = PBXBuildFile; fileRef = 9EA1B9852FAF48CD00D41199 /* ConfigFieldView.swift */; };
		9EA1B98B2FAF647800D41199 /* MTLTexture+Extensions.swift in Sources */ = {isa = PBXBuildFile; fileRef = 9EA1B98A2FAF647800D41199 /* MTLTexture+Extensions.swift */; };
		9EA1B98D2FAF667600D41199 /* ImageFilterConfig.swift in Sources */ = {isa = PBXBuildFile; fileRef = 9EA1B98C2FAF667600D41199 /* ImageFilterConfig.swift */; };
		9EA1B98F2FAF68B000D41199 /* ImageFilter.swift in Sources */ = {isa = PBXBuildFile; fileRef = 9EA1B98E2FAF68B000D41199 /* ImageFilter.swift */; };
		9EC7D2422FAB3219008606B8 /* TextureView.metal in Sources */ = {isa = PBXBuildFile; fileRef = 9EC7D2412FAB3219008606B8 /* TextureView.metal */; };
/* End PBXBuildFile section */

/* Begin PBXFileReference section */
		9E0618122FA9DDFF00264A1D /* metal-playground.app */ = {isa = PBXFileReference; explicitFileType = wrapper.application; includeInIndex = 0; path = "metal-playground.app"; sourceTree = BUILT_PRODUCTS_DIR; };
		9E0618152FA9DDFF00264A1D /* MetalPlaygroundApp.swift */ = {isa = PBXFileReference; lastKnownFileType = sourcecode.swift; path = MetalPlaygroundApp.swift; sourceTree = "<group>"; };
		9E0618172FA9DDFF00264A1D /* ContentView.swift */ = {isa = PBXFileReference; lastKnownFileType = sourcecode.swift; path = ContentView.swift; sourceTree = "<group>"; };
		9E0618192FA9DDFF00264A1D /* Assets.xcassets */ = {isa = PBXFileReference; lastKnownFileType = folder.assetcatalog; path = Assets.xcassets; sourceTree = "<group>"; };
		9E06184F2FA9DFB700264A1D /* ImageFiltersView.swift */ = {isa = PBXFileReference; lastKnownFileType = sourcecode.swift; path = ImageFiltersView.swift; sourceTree = "<group>"; };
		9E0618532FAA01D000264A1D /* ImageFiltersViewModel.swift */ = {isa = PBXFileReference; lastKnownFileType = sourcecode.swift; path = ImageFiltersViewModel.swift; sourceTree = "<group>"; };
		9E0A14CC2FAA5D8800113BC4 /* MetalContext.swift */ = {isa = PBXFileReference; lastKnownFileType = sourcecode.swift; path = MetalContext.swift; sourceTree = "<group>"; };
		9E6B4BFB2FAA9F7E0007EFA7 /* MetalTextureView.swift */ = {isa = PBXFileReference; lastKnownFileType = sourcecode.swift; path = MetalTextureView.swift; sourceTree = "<group>"; };
		9E6BEC1E2FB538710083F119 /* ConfigField.swift */ = {isa = PBXFileReference; lastKnownFileType = sourcecode.swift; path = ConfigField.swift; sourceTree = "<group>"; };
		9E7BAD792FBB0B7100D9E2DC /* Sobel.metal */ = {isa = PBXFileReference; lastKnownFileType = sourcecode.metal; path = Sobel.metal; sourceTree = "<group>"; };
		9E7BAD7B2FBB0B8500D9E2DC /* Helpers.h */ = {isa = PBXFileReference; lastKnownFileType = sourcecode.c.h; path = Helpers.h; sourceTree = "<group>"; };
		9E7BAD7E2FBB111900D9E2DC /* Sobel.md */ = {isa = PBXFileReference; lastKnownFileType = net.daringfireball.markdown; path = Sobel.md; sourceTree = "<group>"; };
		9E7BAD802FBB12F600D9E2DC /* GaussianBlur.metal */ = {isa = PBXFileReference; lastKnownFileType = sourcecode.metal; path = GaussianBlur.metal; sourceTree = "<group>"; };
		9E7BAD822FBB136100D9E2DC /* Gaussian Blur.md */ = {isa = PBXFileReference; lastKnownFileType = net.daringfireball.markdown; path = "Gaussian Blur.md"; sourceTree = "<group>"; };
		9E7BAD832FBB14CE00D9E2DC /* Sharpen.metal */ = {isa = PBXFileReference; lastKnownFileType = sourcecode.metal; path = Sharpen.metal; sourceTree = "<group>"; };
		9E7BAD852FBB14F400D9E2DC /* Sharpen.md */ = {isa = PBXFileReference; lastKnownFileType = net.daringfireball.markdown; path = Sharpen.md; sourceTree = "<group>"; };
		9E7BAD862FBB155A00D9E2DC /* BoxBlur.metal */ = {isa = PBXFileReference; lastKnownFileType = sourcecode.metal; path = BoxBlur.metal; sourceTree = "<group>"; };
		9E7BAD882FBB157E00D9E2DC /* BoxBlur.md */ = {isa = PBXFileReference; lastKnownFileType = net.daringfireball.markdown; path = BoxBlur.md; sourceTree = "<group>"; };
		9E7BAD902FBB181700D9E2DC /* Threshold.metal */ = {isa = PBXFileReference; lastKnownFileType = sourcecode.metal; path = Threshold.metal; sourceTree = "<group>"; };
		9E7BAD922FBB188400D9E2DC /* Threshold.md */ = {isa = PBXFileReference; lastKnownFileType = net.daringfireball.markdown; path = Threshold.md; sourceTree = "<group>"; };
		9E7BAD932FBB192700D9E2DC /* Contrast.metal */ = {isa = PBXFileReference; lastKnownFileType = sourcecode.metal; path = Contrast.metal; sourceTree = "<group>"; };
		9E7BAD952FBB194C00D9E2DC /* Contrast.md */ = {isa = PBXFileReference; lastKnownFileType = net.daringfireball.markdown; path = Contrast.md; sourceTree = "<group>"; };
		9E7BAD962FBB199300D9E2DC /* Brightness.metal */ = {isa = PBXFileReference; lastKnownFileType = sourcecode.metal; path = Brightness.metal; sourceTree = "<group>"; };
		9E7BAD982FBB19C700D9E2DC /* Brightness.md */ = {isa = PBXFileReference; lastKnownFileType = net.daringfireball.markdown; path = Brightness.md; sourceTree = "<group>"; };
		9E7BAD992FBB19FA00D9E2DC /* Invert.metal */ = {isa = PBXFileReference; lastKnownFileType = sourcecode.metal; path = Invert.metal; sourceTree = "<group>"; };
		9E7BAD9B2FBB1A4800D9E2DC /* Invert.md */ = {isa = PBXFileReference; lastKnownFileType = net.daringfireball.markdown; path = Invert.md; sourceTree = "<group>"; };
		9E7BAD9C2FBB1A9000D9E2DC /* Sepia.metal */ = {isa = PBXFileReference; lastKnownFileType = sourcecode.metal; path = Sepia.metal; sourceTree = "<group>"; };
		9E7BAD9E2FBB1AC100D9E2DC /* Sepia.md */ = {isa = PBXFileReference; lastKnownFileType = net.daringfireball.markdown; path = Sepia.md; sourceTree = "<group>"; };
		9E7BAD9F2FBB1B4F00D9E2DC /* Grayscale.metal */ = {isa = PBXFileReference; lastKnownFileType = sourcecode.metal; path = Grayscale.metal; sourceTree = "<group>"; };
		9E7BADA12FBB1B7A00D9E2DC /* Grayscale.md */ = {isa = PBXFileReference; lastKnownFileType = net.daringfireball.markdown; path = Grayscale.md; sourceTree = "<group>"; };
		9E82B6A12FAC8C45003795FD /* UVTransform.swift */ = {isa = PBXFileReference; lastKnownFileType = sourcecode.swift; path = UVTransform.swift; sourceTree = "<group>"; };
		9EA1B9852FAF48CD00D41199 /* ConfigFieldView.swift */ = {isa = PBXFileReference; lastKnownFileType = sourcecode.swift; path = ConfigFieldView.swift; sourceTree = "<group>"; };
		9EA1B98A2FAF647800D41199 /* MTLTexture+Extensions.swift */ = {isa = PBXFileReference; lastKnownFileType = sourcecode.swift; path = "MTLTexture+Extensions.swift"; sourceTree = "<group>"; };
		9EA1B98C2FAF667600D41199 /* ImageFilterConfig.swift */ = {isa = PBXFileReference; lastKnownFileType = sourcecode.swift; path = ImageFilterConfig.swift; sourceTree = "<group>"; };
		9EA1B98E2FAF68B000D41199 /* ImageFilter.swift */ = {isa = PBXFileReference; lastKnownFileType = sourcecode.swift; path = ImageFilter.swift; sourceTree = "<group>"; };
		9EC7D2412FAB3219008606B8 /* TextureView.metal */ = {isa = PBXFileReference; lastKnownFileType = sourcecode.metal; path = TextureView.metal; sourceTree = "<group>"; };
/* End PBXFileReference section */

/* Begin PBXFrameworksBuildPhase section */
		9E06180F2FA9DDFF00264A1D /* Frameworks */ = {
			isa = PBXFrameworksBuildPhase;
			buildActionMask = 2147483647;
			files = (
			);
			runOnlyForDeploymentPostprocessing = 0;
		};
/* End PBXFrameworksBuildPhase section */

/* Begin PBXGroup section */
		9E0618092FA9DDFF00264A1D = {
			isa = PBXGroup;
			children = (
				9E25482C2FABDAF6007818BB /* Sources */,
				9E0618192FA9DDFF00264A1D /* Assets.xcassets */,
				9E0618132FA9DDFF00264A1D /* Products */,
			);
			sourceTree = "<group>";
		};
		9E0618132FA9DDFF00264A1D /* Products */ = {
			isa = PBXGroup;
			children = (
				9E0618122FA9DDFF00264A1D /* metal-playground.app */,
			);
			name = Products;
			sourceTree = "<group>";
		};
		9E25482C2FABDAF6007818BB /* Sources */ = {
			isa = PBXGroup;
			children = (
				9EA1B9892FAF646900D41199 /* Extensions */,
				9E82B6A02FAC8BF2003795FD /* Math */,
				9E25482F2FABDB83007818BB /* UI */,
				9E0A14CC2FAA5D8800113BC4 /* MetalContext.swift */,
				9E6B4BFB2FAA9F7E0007EFA7 /* MetalTextureView.swift */,
				9E25482D2FABDB0F007818BB /* Shaders */,
			);
			path = Sources;
			sourceTree = "<group>";
		};
		9E25482D2FABDB0F007818BB /* Shaders */ = {
			isa = PBXGroup;
			children = (
				9E7BAD8B2FBB16CE00D9E2DC /* ImageFilters */,
				9E7BAD7B2FBB0B8500D9E2DC /* Helpers.h */,
				9EC7D2412FAB3219008606B8 /* TextureView.metal */,
			);
			path = Shaders;
			sourceTree = "<group>";
		};
		9E25482F2FABDB83007818BB /* UI */ = {
			isa = PBXGroup;
			children = (
				9E2548312FABDBBB007818BB /* Main */,
				9E2548302FABDBA9007818BB /* ImageFilters */,
			);
			path = UI;
			sourceTree = "<group>";
		};
		9E2548302FABDBA9007818BB /* ImageFilters */ = {
			isa = PBXGroup;
			children = (
				9E6BEC1E2FB538710083F119 /* ConfigField.swift */,
				9E06184F2FA9DFB700264A1D /* ImageFiltersView.swift */,
				9E0618532FAA01D000264A1D /* ImageFiltersViewModel.swift */,
				9EA1B9852FAF48CD00D41199 /* ConfigFieldView.swift */,
				9EA1B98C2FAF667600D41199 /* ImageFilterConfig.swift */,
				9EA1B98E2FAF68B000D41199 /* ImageFilter.swift */,
			);
			path = ImageFilters;
			sourceTree = "<group>";
		};
		9E2548312FABDBBB007818BB /* Main */ = {
			isa = PBXGroup;
			children = (
				9E0618172FA9DDFF00264A1D /* ContentView.swift */,
				9E0618152FA9DDFF00264A1D /* MetalPlaygroundApp.swift */,
			);
			path = Main;
			sourceTree = "<group>";
		};
		9E7BAD8B2FBB16CE00D9E2DC /* ImageFilters */ = {
			isa = PBXGroup;
			children = (
				9E7BAD882FBB157E00D9E2DC /* BoxBlur.md */,
				9E7BAD862FBB155A00D9E2DC /* BoxBlur.metal */,
				9E7BAD982FBB19C700D9E2DC /* Brightness.md */,
				9E7BAD962FBB199300D9E2DC /* Brightness.metal */,
				9E7BAD952FBB194C00D9E2DC /* Contrast.md */,
				9E7BAD932FBB192700D9E2DC /* Contrast.metal */,
				9E7BAD822FBB136100D9E2DC /* Gaussian Blur.md */,
				9E7BAD802FBB12F600D9E2DC /* GaussianBlur.metal */,
				9E7BADA12FBB1B7A00D9E2DC /* Grayscale.md */,
				9E7BAD9F2FBB1B4F00D9E2DC /* Grayscale.metal */,
				9E7BAD9B2FBB1A4800D9E2DC /* Invert.md */,
				9E7BAD992FBB19FA00D9E2DC /* Invert.metal */,
				9E7BAD9E2FBB1AC100D9E2DC /* Sepia.md */,
				9E7BAD9C2FBB1A9000D9E2DC /* Sepia.metal */,
				9E7BAD852FBB14F400D9E2DC /* Sharpen.md */,
				9E7BAD832FBB14CE00D9E2DC /* Sharpen.metal */,
				9E7BAD7E2FBB111900D9E2DC /* Sobel.md */,
				9E7BAD792FBB0B7100D9E2DC /* Sobel.metal */,
				9E7BAD922FBB188400D9E2DC /* Threshold.md */,
				9E7BAD902FBB181700D9E2DC /* Threshold.metal */,
			);
			path = ImageFilters;
			sourceTree = "<group>";
		};
		9E82B6A02FAC8BF2003795FD /* Math */ = {
			isa = PBXGroup;
			children = (
				9E82B6A12FAC8C45003795FD /* UVTransform.swift */,
			);
			path = Math;
			sourceTree = "<group>";
		};
		9EA1B9892FAF646900D41199 /* Extensions */ = {
			isa = PBXGroup;
			children = (
				9EA1B98A2FAF647800D41199 /* MTLTexture+Extensions.swift */,
			);
			path = Extensions;
			sourceTree = "<group>";
		};
/* End PBXGroup section */

/* Begin PBXNativeTarget section */
		9E0618112FA9DDFF00264A1D /* metal-playground */ = {
			isa = PBXNativeTarget;
			buildConfigurationList = 9E06181D2FA9DDFF00264A1D /* Build configuration list for PBXNativeTarget "metal-playground" */;
			buildPhases = (
				9E06180E2FA9DDFF00264A1D /* Sources */,
				9E06180F2FA9DDFF00264A1D /* Frameworks */,
				9E0618102FA9DDFF00264A1D /* Resources */,
			);
			buildRules = (
			);
			dependencies = (
			);
			name = "metal-playground";
			packageProductDependencies = (
			);
			productName = "metal-playground";
			productReference = 9E0618122FA9DDFF00264A1D /* metal-playground.app */;
			productType = "com.apple.product-type.application";
		};
/* End PBXNativeTarget section */

/* Begin PBXProject section */
		9E06180A2FA9DDFF00264A1D /* Project object */ = {
			isa = PBXProject;
			attributes = {
				BuildIndependentTargetsInParallel = 1;
				LastSwiftUpdateCheck = 2630;
				LastUpgradeCheck = 2630;
				TargetAttributes = {
					9E0618112FA9DDFF00264A1D = {
						CreatedOnToolsVersion = 26.3;
					};
				};
			};
			buildConfigurationList = 9E06180D2FA9DDFF00264A1D /* Build configuration list for PBXProject "metal-playground" */;
			developmentRegion = en;
			hasScannedForEncodings = 0;
			knownRegions = (
				en,
				Base,
			);
			mainGroup = 9E0618092FA9DDFF00264A1D;
			minimizedProjectReferenceProxies = 1;
			preferredProjectObjectVersion = 77;
			productRefGroup = 9E0618132FA9DDFF00264A1D /* Products */;
			projectDirPath = "";
			projectRoot = "";
			targets = (
				9E0618112FA9DDFF00264A1D /* metal-playground */,
			);
		};
/* End PBXProject section */

/* Begin PBXResourcesBuildPhase section */
		9E0618102FA9DDFF00264A1D /* Resources */ = {
			isa = PBXResourcesBuildPhase;
			buildActionMask = 2147483647;
			files = (
				9E06181A2FA9DDFF00264A1D /* Assets.xcassets in Resources */,
			);
			runOnlyForDeploymentPostprocessing = 0;
		};
/* End PBXResourcesBuildPhase section */

/* Begin PBXSourcesBuildPhase section */
		9E06180E2FA9DDFF00264A1D /* Sources */ = {
			isa = PBXSourcesBuildPhase;
			buildActionMask = 2147483647;
			files = (
				9E7BAD7A2FBB0B7100D9E2DC /* Sobel.metal in Sources */,
				9E82B6A22FAC8C47003795FD /* UVTransform.swift in Sources */,
				9EA1B98F2FAF68B000D41199 /* ImageFilter.swift in Sources */,
				9E7BADA02FBB1B4F00D9E2DC /* Grayscale.metal in Sources */,
				9E7BAD812FBB12F600D9E2DC /* GaussianBlur.metal in Sources */,
				9E7BAD842FBB14CE00D9E2DC /* Sharpen.metal in Sources */,
				9E0A14CD2FAA5D8B00113BC4 /* MetalContext.swift in Sources */,
				9EA1B9862FAF48CD00D41199 /* ConfigFieldView.swift in Sources */,
				9E0618182FA9DDFF00264A1D /* ContentView.swift in Sources */,
				9E7BAD872FBB155A00D9E2DC /* BoxBlur.metal in Sources */,
				9E0618162FA9DDFF00264A1D /* MetalPlaygroundApp.swift in Sources */,
				9E6B4BFC2FAA9F7E0007EFA7 /* MetalTextureView.swift in Sources */,
				9E7BAD9D2FBB1A9000D9E2DC /* Sepia.metal in Sources */,
				9E0618542FAA01D500264A1D /* ImageFiltersViewModel.swift in Sources */,
				9EC7D2422FAB3219008606B8 /* TextureView.metal in Sources */,
				9EA1B98D2FAF667600D41199 /* ImageFilterConfig.swift in Sources */,
				9E6BEC1F2FB538730083F119 /* ConfigField.swift in Sources */,
				9E0618502FA9DFB700264A1D /* ImageFiltersView.swift in Sources */,
				9E7BAD912FBB181700D9E2DC /* Threshold.metal in Sources */,
				9E7BAD942FBB192700D9E2DC /* Contrast.metal in Sources */,
				9EA1B98B2FAF647800D41199 /* MTLTexture+Extensions.swift in Sources */,
				9E7BAD972FBB199300D9E2DC /* Brightness.metal in Sources */,
				9E7BAD9A2FBB19FA00D9E2DC /* Invert.metal in Sources */,
			);
			runOnlyForDeploymentPostprocessing = 0;
		};
/* End PBXSourcesBuildPhase section */

/* Begin XCBuildConfiguration section */
		9E06181B2FA9DDFF00264A1D /* Debug */ = {
			isa = XCBuildConfiguration;
			buildSettings = {
				ALWAYS_SEARCH_USER_PATHS = NO;
				ASSETCATALOG_COMPILER_GENERATE_SWIFT_ASSET_SYMBOL_EXTENSIONS = YES;
				CLANG_ANALYZER_NONNULL = YES;
				CLANG_ANALYZER_NUMBER_OBJECT_CONVERSION = YES_AGGRESSIVE;
				CLANG_CXX_LANGUAGE_STANDARD = "gnu++20";
				CLANG_ENABLE_MODULES = YES;
				CLANG_ENABLE_OBJC_ARC = YES;
				CLANG_ENABLE_OBJC_WEAK = YES;
				CLANG_WARN_BLOCK_CAPTURE_AUTORELEASING = YES;
				CLANG_WARN_BOOL_CONVERSION = YES;
				CLANG_WARN_COMMA = YES;
				CLANG_WARN_CONSTANT_CONVERSION = YES;
				CLANG_WARN_DEPRECATED_OBJC_IMPLEMENTATIONS = YES;
				CLANG_WARN_DIRECT_OBJC_ISA_USAGE = YES_ERROR;
				CLANG_WARN_DOCUMENTATION_COMMENTS = YES;
				CLANG_WARN_EMPTY_BODY = YES;
				CLANG_WARN_ENUM_CONVERSION = YES;
				CLANG_WARN_INFINITE_RECURSION = YES;
				CLANG_WARN_INT_CONVERSION = YES;
				CLANG_WARN_NON_LITERAL_NULL_CONVERSION = YES;
				CLANG_WARN_OBJC_IMPLICIT_RETAIN_SELF = YES;
				CLANG_WARN_OBJC_LITERAL_CONVERSION = YES;
				CLANG_WARN_OBJC_ROOT_CLASS = YES_ERROR;
				CLANG_WARN_QUOTED_INCLUDE_IN_FRAMEWORK_HEADER = YES;
				CLANG_WARN_RANGE_LOOP_ANALYSIS = YES;
				CLANG_WARN_STRICT_PROTOTYPES = YES;
				CLANG_WARN_SUSPICIOUS_MOVE = YES;
				CLANG_WARN_UNGUARDED_AVAILABILITY = YES_AGGRESSIVE;
				CLANG_WARN_UNREACHABLE_CODE = YES;
				CLANG_WARN__DUPLICATE_METHOD_MATCH = YES;
				COPY_PHASE_STRIP = NO;
				DEBUG_INFORMATION_FORMAT = dwarf;
				DEVELOPMENT_TEAM = 78JSN3DM9T;
				ENABLE_STRICT_OBJC_MSGSEND = YES;
				ENABLE_TESTABILITY = YES;
				ENABLE_USER_SCRIPT_SANDBOXING = YES;
				GCC_C_LANGUAGE_STANDARD = gnu17;
				GCC_DYNAMIC_NO_PIC = NO;
				GCC_NO_COMMON_BLOCKS = YES;
				GCC_OPTIMIZATION_LEVEL = 0;
				GCC_PREPROCESSOR_DEFINITIONS = (
					"DEBUG=1",
					"$(inherited)",
				);
				GCC_WARN_64_TO_32_BIT_CONVERSION = YES;
				GCC_WARN_ABOUT_RETURN_TYPE = YES_ERROR;
				GCC_WARN_UNDECLARED_SELECTOR = YES;
				GCC_WARN_UNINITIALIZED_AUTOS = YES_AGGRESSIVE;
				GCC_WARN_UNUSED_FUNCTION = YES;
				GCC_WARN_UNUSED_VARIABLE = YES;
				IPHONEOS_DEPLOYMENT_TARGET = 26.2;
				LOCALIZATION_PREFERS_STRING_CATALOGS = YES;
				MTL_ENABLE_DEBUG_INFO = INCLUDE_SOURCE;
				MTL_FAST_MATH = YES;
				ONLY_ACTIVE_ARCH = YES;
				SDKROOT = iphoneos;
				SWIFT_ACTIVE_COMPILATION_CONDITIONS = "DEBUG $(inherited)";
				SWIFT_OPTIMIZATION_LEVEL = "-Onone";
			};
			name = Debug;
		};
		9E06181C2FA9DDFF00264A1D /* Release */ = {
			isa = XCBuildConfiguration;
			buildSettings = {
				ALWAYS_SEARCH_USER_PATHS = NO;
				ASSETCATALOG_COMPILER_GENERATE_SWIFT_ASSET_SYMBOL_EXTENSIONS = YES;
				CLANG_ANALYZER_NONNULL = YES;
				CLANG_ANALYZER_NUMBER_OBJECT_CONVERSION = YES_AGGRESSIVE;
				CLANG_CXX_LANGUAGE_STANDARD = "gnu++20";
				CLANG_ENABLE_MODULES = YES;
				CLANG_ENABLE_OBJC_ARC = YES;
				CLANG_ENABLE_OBJC_WEAK = YES;
				CLANG_WARN_BLOCK_CAPTURE_AUTORELEASING = YES;
				CLANG_WARN_BOOL_CONVERSION = YES;
				CLANG_WARN_COMMA = YES;
				CLANG_WARN_CONSTANT_CONVERSION = YES;
				CLANG_WARN_DEPRECATED_OBJC_IMPLEMENTATIONS = YES;
				CLANG_WARN_DIRECT_OBJC_ISA_USAGE = YES_ERROR;
				CLANG_WARN_DOCUMENTATION_COMMENTS = YES;
				CLANG_WARN_EMPTY_BODY = YES;
				CLANG_WARN_ENUM_CONVERSION = YES;
				CLANG_WARN_INFINITE_RECURSION = YES;
				CLANG_WARN_INT_CONVERSION = YES;
				CLANG_WARN_NON_LITERAL_NULL_CONVERSION = YES;
				CLANG_WARN_OBJC_IMPLICIT_RETAIN_SELF = YES;
				CLANG_WARN_OBJC_LITERAL_CONVERSION = YES;
				CLANG_WARN_OBJC_ROOT_CLASS = YES_ERROR;
				CLANG_WARN_QUOTED_INCLUDE_IN_FRAMEWORK_HEADER = YES;
				CLANG_WARN_RANGE_LOOP_ANALYSIS = YES;
				CLANG_WARN_STRICT_PROTOTYPES = YES;
				CLANG_WARN_SUSPICIOUS_MOVE = YES;
				CLANG_WARN_UNGUARDED_AVAILABILITY = YES_AGGRESSIVE;
				CLANG_WARN_UNREACHABLE_CODE = YES;
				CLANG_WARN__DUPLICATE_METHOD_MATCH = YES;
				COPY_PHASE_STRIP = NO;
				DEBUG_INFORMATION_FORMAT = "dwarf-with-dsym";
				DEVELOPMENT_TEAM = 78JSN3DM9T;
				ENABLE_NS_ASSERTIONS = NO;
				ENABLE_STRICT_OBJC_MSGSEND = YES;
				ENABLE_USER_SCRIPT_SANDBOXING = YES;
				GCC_C_LANGUAGE_STANDARD = gnu17;
				GCC_NO_COMMON_BLOCKS = YES;
				GCC_WARN_64_TO_32_BIT_CONVERSION = YES;
				GCC_WARN_ABOUT_RETURN_TYPE = YES_ERROR;
				GCC_WARN_UNDECLARED_SELECTOR = YES;
				GCC_WARN_UNINITIALIZED_AUTOS = YES_AGGRESSIVE;
				GCC_WARN_UNUSED_FUNCTION = YES;
				GCC_WARN_UNUSED_VARIABLE = YES;
				IPHONEOS_DEPLOYMENT_TARGET = 26.2;
				LOCALIZATION_PREFERS_STRING_CATALOGS = YES;
				MTL_ENABLE_DEBUG_INFO = NO;
				MTL_FAST_MATH = YES;
				SDKROOT = iphoneos;
				SWIFT_COMPILATION_MODE = wholemodule;
				VALIDATE_PRODUCT = YES;
			};
			name = Release;
		};
		9E06181E2FA9DDFF00264A1D /* Debug */ = {
			isa = XCBuildConfiguration;
			buildSettings = {
				ASSETCATALOG_COMPILER_APPICON_NAME = AppIcon;
				ASSETCATALOG_COMPILER_GLOBAL_ACCENT_COLOR_NAME = AccentColor;
				CODE_SIGN_STYLE = Automatic;
				CURRENT_PROJECT_VERSION = 1;
				DEVELOPMENT_TEAM = 78JSN3DM9T;
				ENABLE_PREVIEWS = YES;
				GENERATE_INFOPLIST_FILE = YES;
				INFOPLIST_KEY_UIApplicationSceneManifest_Generation = YES;
				INFOPLIST_KEY_UIApplicationSupportsIndirectInputEvents = YES;
				INFOPLIST_KEY_UILaunchScreen_Generation = YES;
				INFOPLIST_KEY_UISupportedInterfaceOrientations_iPad = "UIInterfaceOrientationPortrait UIInterfaceOrientationPortraitUpsideDown UIInterfaceOrientationLandscapeLeft UIInterfaceOrientationLandscapeRight";
				INFOPLIST_KEY_UISupportedInterfaceOrientations_iPhone = "UIInterfaceOrientationPortrait UIInterfaceOrientationLandscapeLeft UIInterfaceOrientationLandscapeRight";
				LD_RUNPATH_SEARCH_PATHS = (
					"$(inherited)",
					"@executable_path/Frameworks",
				);
				MARKETING_VERSION = 1.0;
				PRODUCT_BUNDLE_IDENTIFIER = "com.wrydgutz.metal-playground";
				PRODUCT_NAME = "$(TARGET_NAME)";
				STRING_CATALOG_GENERATE_SYMBOLS = YES;
				SWIFT_APPROACHABLE_CONCURRENCY = YES;
				SWIFT_DEFAULT_ACTOR_ISOLATION = MainActor;
				SWIFT_EMIT_LOC_STRINGS = YES;
				SWIFT_UPCOMING_FEATURE_MEMBER_IMPORT_VISIBILITY = YES;
				SWIFT_VERSION = 5.0;
				TARGETED_DEVICE_FAMILY = "1,2";
			};
			name = Debug;
		};
		9E06181F2FA9DDFF00264A1D /* Release */ = {
			isa = XCBuildConfiguration;
			buildSettings = {
				ASSETCATALOG_COMPILER_APPICON_NAME = AppIcon;
				ASSETCATALOG_COMPILER_GLOBAL_ACCENT_COLOR_NAME = AccentColor;
				CODE_SIGN_STYLE = Automatic;
				CURRENT_PROJECT_VERSION = 1;
				DEVELOPMENT_TEAM = 78JSN3DM9T;
				ENABLE_PREVIEWS = YES;
				GENERATE_INFOPLIST_FILE = YES;
				INFOPLIST_KEY_UIApplicationSceneManifest_Generation = YES;
				INFOPLIST_KEY_UIApplicationSupportsIndirectInputEvents = YES;
				INFOPLIST_KEY_UILaunchScreen_Generation = YES;
				INFOPLIST_KEY_UISupportedInterfaceOrientations_iPad = "UIInterfaceOrientationPortrait UIInterfaceOrientationPortraitUpsideDown UIInterfaceOrientationLandscapeLeft UIInterfaceOrientationLandscapeRight";
				INFOPLIST_KEY_UISupportedInterfaceOrientations_iPhone = "UIInterfaceOrientationPortrait UIInterfaceOrientationLandscapeLeft UIInterfaceOrientationLandscapeRight";
				LD_RUNPATH_SEARCH_PATHS = (
					"$(inherited)",
					"@executable_path/Frameworks",
				);
				MARKETING_VERSION = 1.0;
				PRODUCT_BUNDLE_IDENTIFIER = "com.wrydgutz.metal-playground";
				PRODUCT_NAME = "$(TARGET_NAME)";
				STRING_CATALOG_GENERATE_SYMBOLS = YES;
				SWIFT_APPROACHABLE_CONCURRENCY = YES;
				SWIFT_DEFAULT_ACTOR_ISOLATION = MainActor;
				SWIFT_EMIT_LOC_STRINGS = YES;
				SWIFT_UPCOMING_FEATURE_MEMBER_IMPORT_VISIBILITY = YES;
				SWIFT_VERSION = 5.0;
				TARGETED_DEVICE_FAMILY = "1,2";
			};
			name = Release;
		};
/* End XCBuildConfiguration section */

/* Begin XCConfigurationList section */
		9E06180D2FA9DDFF00264A1D /* Build configuration list for PBXProject "metal-playground" */ = {
			isa = XCConfigurationList;
			buildConfigurations = (
				9E06181B2FA9DDFF00264A1D /* Debug */,
				9E06181C2FA9DDFF00264A1D /* Release */,
			);
			defaultConfigurationIsVisible = 0;
			defaultConfigurationName = Release;
		};
		9E06181D2FA9DDFF00264A1D /* Build configuration list for PBXNativeTarget "metal-playground" */ = {
			isa = XCConfigurationList;
			buildConfigurations = (
				9E06181E2FA9DDFF00264A1D /* Debug */,
				9E06181F2FA9DDFF00264A1D /* Release */,
			);
			defaultConfigurationIsVisible = 0;
			defaultConfigurationName = Release;
		};
/* End XCConfigurationList section */
	};
	rootObject = 9E06180A2FA9DDFF00264A1D /* Project object */;
}
